// !$*UTF8*$!
{
	archiveVersion = 1;
	classes = {
	};
	objectVersion = 48;
	objects = {

/* Begin PBXBuildFile section */
		1CA91A2CB3891F0F1C2980DE /* libPods-A.a in Frameworks */ = {isa = PBXBuildFile; fileRef = 87AD74FE7CA84F6B8FF671DF /* libPods-A.a */; };
		7450D3E920492BCA004F4727 /* AppDelegate.swift in Sources */ = {isa = PBXBuildFile; fileRef = 7450D3E820492BCA004F4727 /* AppDelegate.swift */; };
		7450D3EB20492BCA004F4727 /* ViewController.swift in Sources */ = {isa = PBXBuildFile; fileRef = 7450D3EA20492BCA004F4727 /* ViewController.swift */; };
		7450D3EE20492BCA004F4727 /* Main.storyboard in Resources */ = {isa = PBXBuildFile; fileRef = 7450D3EC20492BCA004F4727 /* Main.storyboard */; };
		7450D3F020492BCA004F4727 /* Assets.xcassets in Resources */ = {isa = PBXBuildFile; fileRef = 7450D3EF20492BCA004F4727 /* Assets.xcassets */; };
		7450D3F320492BCA004F4727 /* LaunchScreen.storyboard in Resources */ = {isa = PBXBuildFile; fileRef = 7450D3F120492BCA004F4727 /* LaunchScreen.storyboard */; };
		7450D3FE20492BCA004F4727 /* ATests.swift in Sources */ = {isa = PBXBuildFile; fileRef = 7450D3FD20492BCA004F4727 /* ATests.swift */; };
		7450D40920492BCA004F4727 /* AUITests.swift in Sources */ = {isa = PBXBuildFile; fileRef = 7450D40820492BCA004F4727 /* AUITests.swift */; };
		7450D45B20493E0F004F4727 /* Target_A.m in Sources */ = {isa = PBXBuildFile; fileRef = 7450D45A20493E0F004F4727 /* Target_A.m */; };
		7450D45F20493ECD004F4727 /* AViewController.m in Sources */ = {isa = PBXBuildFile; fileRef = 7450D45D20493ECD004F4727 /* AViewController.m */; };
/* End PBXBuildFile section */

/* Begin PBXContainerItemProxy section */
		7450D3FA20492BCA004F4727 /* PBXContainerItemProxy */ = {
			isa = PBXContainerItemProxy;
			containerPortal = 7450D3DD20492BCA004F4727 /* Project object */;
			proxyType = 1;
			remoteGlobalIDString = 7450D3E420492BCA004F4727;
			remoteInfo = A;
		};
		7450D40520492BCA004F4727 /* PBXContainerItemProxy */ = {
			isa = PBXContainerItemProxy;
			containerPortal = 7450D3DD20492BCA004F4727 /* Project object */;
			proxyType = 1;
			remoteGlobalIDString = 7450D3E420492BCA004F4727;
			remoteInfo = A;
		};
/* End PBXContainerItemProxy section */

/* Begin PBXFileReference section */
		7450D3E520492BCA004F4727 /* A.app */ = {isa = PBXFileReference; explicitFileType = wrapper.application; includeInIndex = 0; path = A.app; sourceTree = BUILT_PRODUCTS_DIR; };
		7450D3E820492BCA004F4727 /* AppDelegate.swift */ = {isa = PBXFileReference; lastKnownFileType = sourcecode.swift; path = AppDelegate.swift; sourceTree = "<group>"; };
		7450D3EA20492BCA004F4727 /* ViewController.swift */ = {isa = PBXFileReference; lastKnownFileType = sourcecode.swift; path = ViewController.swift; sourceTree = "<group>"; };
		7450D3ED20492BCA004F4727 /* Base */ = {isa = PBXFileReference; lastKnownFileType = file.storyboard; name = Base; path = Base.lproj/Main.storyboard; sourceTree = "<group>"; };
		7450D3EF20492BCA004F4727 /* Assets.xcassets */ = {isa = PBXFileReference; lastKnownFileType = folder.assetcatalog; path = Assets.xcassets; sourceTree = "<group>"; };
		7450D3F220492BCA004F4727 /* Base */ = {isa = PBXFileReference; lastKnownFileType = file.storyboard; name = Base; path = Base.lproj/LaunchScreen.storyboard; sourceTree = "<group>"; };
		7450D3F420492BCA004F4727 /* Info.plist */ = {isa = PBXFileReference; lastKnownFileType = text.plist.xml; path = Info.plist; sourceTree = "<group>"; };
		7450D3F920492BCA004F4727 /* ATests.xctest */ = {isa = PBXFileReference; explicitFileType = wrapper.cfbundle; includeInIndex = 0; path = ATests.xctest; sourceTree = BUILT_PRODUCTS_DIR; };
		7450D3FD20492BCA004F4727 /* ATests.swift */ = {isa = PBXFileReference; lastKnownFileType = sourcecode.swift; path = ATests.swift; sourceTree = "<group>"; };
		7450D3FF20492BCA004F4727 /* Info.plist */ = {isa = PBXFileReference; lastKnownFileType = text.plist.xml; path = Info.plist; sourceTree = "<group>"; };
		7450D40420492BCA004F4727 /* AUITests.xctest */ = {isa = PBXFileReference; explicitFileType = wrapper.cfbundle; includeInIndex = 0; path = AUITests.xctest; sourceTree = BUILT_PRODUCTS_DIR; };
		7450D40820492BCA004F4727 /* AUITests.swift */ = {isa = PBXFileReference; lastKnownFileType = sourcecode.swift; path = AUITests.swift; sourceTree = "<group>"; };
		7450D40A20492BCA004F4727 /* Info.plist */ = {isa = PBXFileReference; lastKnownFileType = text.plist.xml; path = Info.plist; sourceTree = "<group>"; };
		7450D45820493E0F004F4727 /* A-Bridging-Header.h */ = {isa = PBXFileReference; lastKnownFileType = sourcecode.c.h; path = "A-Bridging-Header.h"; sourceTree = "<group>"; };
		7450D45920493E0F004F4727 /* Target_A.h */ = {isa = PBXFileReference; lastKnownFileType = sourcecode.c.h; path = Target_A.h; sourceTree = "<group>"; };
		7450D45A20493E0F004F4727 /* Target_A.m */ = {isa = PBXFileReference; lastKnownFileType = sourcecode.c.objc; path = Target_A.m; sourceTree = "<group>"; };
		7450D45D20493ECD004F4727 /* AViewController.m */ = {isa = PBXFileReference; fileEncoding = 4; lastKnownFileType = sourcecode.c.objc; path = AViewController.m; sourceTree = "<group>"; };
		7450D45E20493ECD004F4727 /* AViewController.h */ = {isa = PBXFileReference; fileEncoding = 4; lastKnownFileType = sourcecode.c.h; path = AViewController.h; sourceTree = "<group>"; };
		87AD74FE7CA84F6B8FF671DF /* libPods-A.a */ = {isa = PBXFileReference; explicitFileType = archive.ar; includeInIndex = 0; path = "libPods-A.a"; sourceTree = BUILT_PRODUCTS_DIR; };
		A11D58C2E5383AFF85277480 /* Pods-A.release.xcconfig */ = {isa = PBXFileReference; includeInIndex = 1; lastKnownFileType = text.xcconfig; name = "Pods-A.release.xcconfig"; path = "Pods/Target Support Files/Pods-A/Pods-A.release.xcconfig"; sourceTree = "<group>"; };
		CE1EAA181E53797D643B1917 /* Pods-A.debug.xcconfig */ = {isa = PBXFileReference; includeInIndex = 1; lastKnownFileType = text.xcconfig; name = "Pods-A.debug.xcconfig"; path = "Pods/Target Support Files/Pods-A/Pods-A.debug.xcconfig"; sourceTree = "<group>"; };
/* End PBXFileReference section */

/* Begin PBXFrameworksBuildPhase section */
		7450D3E220492BCA004F4727 /* Frameworks */ = {
			isa = PBXFrameworksBuildPhase;
			buildActionMask = 2147483647;
			files = (
				1CA91A2CB3891F0F1C2980DE /* libPods-A.a in Frameworks */,
			);
			runOnlyForDeploymentPostprocessing = 0;
		};
		7450D3F620492BCA004F4727 /* Frameworks */ = {
			isa = PBXFrameworksBuildPhase;
			buildActionMask = 2147483647;
			files = (
			);
			runOnlyForDeploymentPostprocessing = 0;
		};
		7450D40120492BCA004F4727 /* Frameworks */ = {
			isa = PBXFrameworksBuildPhase;
			buildActionMask = 2147483647;
			files = (
			);
			runOnlyForDeploymentPostprocessing = 0;
		};
/* End PBXFrameworksBuildPhase section */

/* Begin PBXGroup section */
		7450D3DC20492BCA004F4727 = {
			isa = PBXGroup;
			children = (
				7450D3E720492BCA004F4727 /* A */,
				7450D3FC20492BCA004F4727 /* ATests */,
				7450D40720492BCA004F4727 /* AUITests */,
				7450D3E620492BCA004F4727 /* Products */,
				BEA0989A82D4428EA8D65872 /* Pods */,
				F2D4694C45C85295FEDD0D2D /* Frameworks */,
			);
			sourceTree = "<group>";
		};
		7450D3E620492BCA004F4727 /* Products */ = {
			isa = PBXGroup;
			children = (
				7450D3E520492BCA004F4727 /* A.app */,
				7450D3F920492BCA004F4727 /* ATests.xctest */,
				7450D40420492BCA004F4727 /* AUITests.xctest */,
			);
			name = Products;
			sourceTree = "<group>";
		};
		7450D3E720492BCA004F4727 /* A */ = {
			isa = PBXGroup;
			children = (
				7450D45C20493ECD004F4727 /* A */,
				7450D45520493D6B004F4727 /* Targets */,
				7450D3E820492BCA004F4727 /* AppDelegate.swift */,
				7450D3EA20492BCA004F4727 /* ViewController.swift */,
				7450D3EC20492BCA004F4727 /* Main.storyboard */,
				7450D3EF20492BCA004F4727 /* Assets.xcassets */,
				7450D3F120492BCA004F4727 /* LaunchScreen.storyboard */,
				7450D3F420492BCA004F4727 /* Info.plist */,
			);
			path = A;
			sourceTree = "<group>";
		};
		7450D3FC20492BCA004F4727 /* ATests */ = {
			isa = PBXGroup;
			children = (
				7450D3FD20492BCA004F4727 /* ATests.swift */,
				7450D3FF20492BCA004F4727 /* Info.plist */,
			);
			path = ATests;
			sourceTree = "<group>";
		};
		7450D40720492BCA004F4727 /* AUITests */ = {
			isa = PBXGroup;
			children = (
				7450D40820492BCA004F4727 /* AUITests.swift */,
				7450D40A20492BCA004F4727 /* Info.plist */,
			);
			path = AUITests;
			sourceTree = "<group>";
		};
		7450D45520493D6B004F4727 /* Targets */ = {
			isa = PBXGroup;
			children = (
				7450D45920493E0F004F4727 /* Target_A.h */,
				7450D45A20493E0F004F4727 /* Target_A.m */,
				7450D45820493E0F004F4727 /* A-Bridging-Header.h */,
			);
			path = Targets;
			sourceTree = "<group>";
		};
		7450D45C20493ECD004F4727 /* A */ = {
			isa = PBXGroup;
			children = (
				7450D45E20493ECD004F4727 /* AViewController.h */,
				7450D45D20493ECD004F4727 /* AViewController.m */,
			);
			path = A;
			sourceTree = "<group>";
		};
		BEA0989A82D4428EA8D65872 /* Pods */ = {
			isa = PBXGroup;
			children = (
				CE1EAA181E53797D643B1917 /* Pods-A.debug.xcconfig */,
				A11D58C2E5383AFF85277480 /* Pods-A.release.xcconfig */,
			);
			name = Pods;
			sourceTree = "<group>";
		};
		F2D4694C45C85295FEDD0D2D /* Frameworks */ = {
			isa = PBXGroup;
			children = (
				87AD74FE7CA84F6B8FF671DF /* libPods-A.a */,
			);
			name = Frameworks;
			sourceTree = "<group>";
		};
/* End PBXGroup section */

/* Begin PBXNativeTarget section */
		7450D3E420492BCA004F4727 /* A */ = {
			isa = PBXNativeTarget;
			buildConfigurationList = 7450D40D20492BCA004F4727 /* Build configuration list for PBXNativeTarget "A" */;
			buildPhases = (
				FC01D993709F1E174BD1CD67 /* [CP] Check Pods Manifest.lock */,
				7450D3E120492BCA004F4727 /* Sources */,
				7450D3E220492BCA004F4727 /* Frameworks */,
				7450D3E320492BCA004F4727 /* Resources */,
				E18A6CECA6146A1772B84C18 /* [CP] Embed Pods Frameworks */,
				EF98FA54C16C0142CB35592C /* [CP] Copy Pods Resources */,
			);
			buildRules = (
			);
			dependencies = (
			);
			name = A;
			productName = A;
			productReference = 7450D3E520492BCA004F4727 /* A.app */;
			productType = "com.apple.product-type.application";
		};
		7450D3F820492BCA004F4727 /* ATests */ = {
			isa = PBXNativeTarget;
			buildConfigurationList = 7450D41020492BCA004F4727 /* Build configuration list for PBXNativeTarget "ATests" */;
			buildPhases = (
				7450D3F520492BCA004F4727 /* Sources */,
				7450D3F620492BCA004F4727 /* Frameworks */,
				7450D3F720492BCA004F4727 /* Resources */,
			);
			buildRules = (
			);
			dependencies = (
				7450D3FB20492BCA004F4727 /* PBXTargetDependency */,
			);
			name = ATests;
			productName = ATests;
			productReference = 7450D3F920492BCA004F4727 /* ATests.xctest */;
			productType = "com.apple.product-type.bundle.unit-test";
		};
		7450D40320492BCA004F4727 /* AUITests */ = {
			isa = PBXNativeTarget;
			buildConfigurationList = 7450D41320492BCA004F4727 /* Build configuration list for PBXNativeTarget "AUITests" */;
			buildPhases = (
				7450D40020492BCA004F4727 /* Sources */,
				7450D40120492BCA004F4727 /* Frameworks */,
				7450D40220492BCA004F4727 /* Resources */,
			);
			buildRules = (
			);
			dependencies = (
				7450D40620492BCA004F4727 /* PBXTargetDependency */,
			);
			name = AUITests;
			productName = AUITests;
			productReference = 7450D40420492BCA004F4727 /* AUITests.xctest */;
			productType = "com.apple.product-type.bundle.ui-testing";
		};
/* End PBXNativeTarget section */

/* Begin PBXProject section */
		7450D3DD20492BCA004F4727 /* Project object */ = {
			isa = PBXProject;
			attributes = {
				LastSwiftUpdateCheck = 0920;
				LastUpgradeCheck = 0920;
				ORGANIZATIONNAME = CBcc;
				TargetAttributes = {
					7450D3E420492BCA004F4727 = {
						CreatedOnToolsVersion = 9.2;
						LastSwiftMigration = 0920;
						ProvisioningStyle = Automatic;
					};
					7450D3F820492BCA004F4727 = {
						CreatedOnToolsVersion = 9.2;
						ProvisioningStyle = Automatic;
						TestTargetID = 7450D3E420492BCA004F4727;
					};
					7450D40320492BCA004F4727 = {
						CreatedOnToolsVersion = 9.2;
						ProvisioningStyle = Automatic;
						TestTargetID = 7450D3E420492BCA004F4727;
					};
				};
			};
			buildConfigurationList = 7450D3E020492BCA004F4727 /* Build configuration list for PBXProject "A" */;
			compatibilityVersion = "Xcode 8.0";
			developmentRegion = en;
			hasScannedForEncodings = 0;
			knownRegions = (
				en,
				Base,
			);
			mainGroup = 7450D3DC20492BCA004F4727;
			productRefGroup = 7450D3E620492BCA004F4727 /* Products */;
			projectDirPath = "";
			projectRoot = "";
			targets = (
				7450D3E420492BCA004F4727 /* A */,
				7450D3F820492BCA004F4727 /* ATests */,
				7450D40320492BCA004F4727 /* AUITests */,
			);
		};
/* End PBXProject section */

/* Begin PBXResourcesBuildPhase section */
		7450D3E320492BCA004F4727 /* Resources */ = {
			isa = PBXResourcesBuildPhase;
			buildActionMask = 2147483647;
			files = (
				7450D3F320492BCA004F4727 /* LaunchScreen.storyboard in Resources */,
				7450D3F020492BCA004F4727 /* Assets.xcassets in Resources */,
				7450D3EE20492BCA004F4727 /* Main.storyboard in Resources */,
			);
			runOnlyForDeploymentPostprocessing = 0;
		};
		7450D3F720492BCA004F4727 /* Resources */ = {
			isa = PBXResourcesBuildPhase;
			buildActionMask = 2147483647;
			files = (
			);
			runOnlyForDeploymentPostprocessing = 0;
		};
		7450D40220492BCA004F4727 /* Resources */ = {
			isa = PBXResourcesBuildPhase;
			buildActionMask = 2147483647;
			files = (
			);
			runOnlyForDeploymentPostprocessing = 0;
		};
/* End PBXResourcesBuildPhase section */

/* Begin PBXShellScriptBuildPhase section */
		E18A6CECA6146A1772B84C18 /* [CP] Embed Pods Frameworks */ = {
			isa = PBXShellScriptBuildPhase;
			buildActionMask = 2147483647;
			files = (
			);
			inputPaths = (
			);
			name = "[CP] Embed Pods Frameworks";
			outputPaths = (
			);
			runOnlyForDeploymentPostprocessing = 0;
			shellPath = /bin/sh;
			shellScript = "\"${SRCROOT}/Pods/Target Support Files/Pods-A/Pods-A-frameworks.sh\"\n";
			showEnvVarsInLog = 0;
		};
		EF98FA54C16C0142CB35592C /* [CP] Copy Pods Resources */ = {
			isa = PBXShellScriptBuildPhase;
			buildActionMask = 2147483647;
			files = (
			);
			inputPaths = (
			);
			name = "[CP] Copy Pods Resources";
			outputPaths = (
			);
			runOnlyForDeploymentPostprocessing = 0;
			shellPath = /bin/sh;
			shellScript = "\"${SRCROOT}/Pods/Target Support Files/Pods-A/Pods-A-resources.sh\"\n";
			showEnvVarsInLog = 0;
		};
		FC01D993709F1E174BD1CD67 /* [CP] Check Pods Manifest.lock */ = {
			isa = PBXShellScriptBuildPhase;
			buildActionMask = 2147483647;
			files = (
			);
			inputPaths = (
				"${PODS_PODFILE_DIR_PATH}/Podfile.lock",
				"${PODS_ROOT}/Manifest.lock",
			);
			name = "[CP] Check Pods Manifest.lock";
			outputPaths = (
				"$(DERIVED_FILE_DIR)/Pods-A-checkManifestLockResult.txt",
			);
			runOnlyForDeploymentPostprocessing = 0;
			shellPath = /bin/sh;
			shellScript = "diff \"${PODS_PODFILE_DIR_PATH}/Podfile.lock\" \"${PODS_ROOT}/Manifest.lock\" > /dev/null\nif [ $? != 0 ] ; then\n    # print error to STDERR\n    echo \"error: The sandbox is not in sync with the Podfile.lock. Run 'pod install' or update your CocoaPods installation.\" >&2\n    exit 1\nfi\n# This output is used by Xcode 'outputs' to avoid re-running this script phase.\necho \"SUCCESS\" > \"${SCRIPT_OUTPUT_FILE_0}\"\n";
			showEnvVarsInLog = 0;
		};
/* End PBXShellScriptBuildPhase section */

/* Begin PBXSourcesBuildPhase section */
		7450D3E120492BCA004F4727 /* Sources */ = {
			isa = PBXSourcesBuildPhase;
			buildActionMask = 2147483647;
			files = (
				7450D45F20493ECD004F4727 /* AViewController.m in Sources */,
				7450D3EB20492BCA004F4727 /* ViewController.swift in Sources */,
				7450D45B20493E0F004F4727 /* Target_A.m in Sources */,
				7450D3E920492BCA004F4727 /* AppDelegate.swift in Sources */,
			);
			runOnlyForDeploymentPostprocessing = 0;
		};
		7450D3F520492BCA004F4727 /* Sources */ = {
			isa = PBXSourcesBuildPhase;
			buildActionMask = 2147483647;
			files = (
				7450D3FE20492BCA004F4727 /* ATests.swift in Sources */,
			);
			runOnlyForDeploymentPostprocessing = 0;
		};
		7450D40020492BCA004F4727 /* Sources */ = {
			isa = PBXSourcesBuildPhase;
			buildActionMask = 2147483647;
			files = (
				7450D40920492BCA004F4727 /* AUITests.swift in Sources */,
			);
			runOnlyForDeploymentPostprocessing = 0;
		};
/* End PBXSourcesBuildPhase section */

/* Begin PBXTargetDependency section */
		7450D3FB20492BCA004F4727 /* PBXTargetDependency */ = {
			isa = PBXTargetDependency;
			target = 7450D3E420492BCA004F4727 /* A */;
			targetProxy = 7450D3FA20492BCA004F4727 /* PBXContainerItemProxy */;
		};
		7450D40620492BCA004F4727 /* PBXTargetDependency */ = {
			isa = PBXTargetDependency;
			target = 7450D3E420492BCA004F4727 /* A */;
			targetProxy = 7450D40520492BCA004F4727 /* PBXContainerItemProxy */;
		};
/* End PBXTargetDependency section */

/* Begin PBXVariantGroup section */
		7450D3EC20492BCA004F4727 /* Main.storyboard */ = {
			isa = PBXVariantGroup;
			children = (
				7450D3ED20492BCA004F4727 /* Base */,
			);
			name = Main.storyboard;
			sourceTree = "<group>";
		};
		7450D3F120492BCA004F4727 /* LaunchScreen.storyboard */ = {
			isa = PBXVariantGroup;
			children = (
				7450D3F220492BCA004F4727 /* Base */,
			);
			name = LaunchScreen.storyboard;
			sourceTree = "<group>";
		};
/* End PBXVariantGroup section */

/* Begin XCBuildConfiguration section */
		7450D40B20492BCA004F4727 /* Debug */ = {
			isa = XCBuildConfiguration;
			buildSettings = {
				ALWAYS_SEARCH_USER_PATHS = NO;
				CLANG_ANALYZER_NONNULL = YES;
				CLANG_ANALYZER_NUMBER_OBJECT_CONVERSION = YES_AGGRESSIVE;
				CLANG_CXX_LANGUAGE_STANDARD = "gnu++14";
				CLANG_CXX_LIBRARY = "libc++";
				CLANG_ENABLE_MODULES = YES;
				CLANG_ENABLE_OBJC_ARC = YES;
				CLANG_WARN_BLOCK_CAPTURE_AUTORELEASING = YES;
				CLANG_WARN_BOOL_CONVERSION = YES;
				CLANG_WARN_COMMA = YES;
				CLANG_WARN_CONSTANT_CONVERSION = YES;
				CLANG_WARN_DIRECT_OBJC_ISA_USAGE = YES_ERROR;
				CLANG_WARN_DOCUMENTATION_COMMENTS = YES;
				CLANG_WARN_EMPTY_BODY = YES;
				CLANG_WARN_ENUM_CONVERSION = YES;
				CLANG_WARN_INFINITE_RECURSION = YES;
				CLANG_WARN_INT_CONVERSION = YES;
				CLANG_WARN_NON_LITERAL_NULL_CONVERSION = YES;
				CLANG_WARN_OBJC_LITERAL_CONVERSION = YES;
				CLANG_WARN_OBJC_ROOT_CLASS = YES_ERROR;
				CLANG_WARN_RANGE_LOOP_ANALYSIS = YES;
				CLANG_WARN_STRICT_PROTOTYPES = YES;
				CLANG_WARN_SUSPICIOUS_MOVE = YES;
				CLANG_WARN_UNGUARDED_AVAILABILITY = YES_AGGRESSIVE;
				CLANG_WARN_UNREACHABLE_CODE = YES;
				CLANG_WARN__DUPLICATE_METHOD_MATCH = YES;
				CODE_SIGN_IDENTITY = "iPhone Developer";
				COPY_PHASE_STRIP = NO;
				DEBUG_INFORMATION_FORMAT = dwarf;
				ENABLE_STRICT_OBJC_MSGSEND = YES;
				ENABLE_TESTABILITY = YES;
				GCC_C_LANGUAGE_STANDARD = gnu11;
				GCC_DYNAMIC_NO_PIC = NO;
				GCC_NO_COMMON_BLOCKS = YES;
				GCC_OPTIMIZATION_LEVEL = 0;
				GCC_PREPROCESSOR_DEFINITIONS = (
					"DEBUG=1",
					"$(inherited)",
				);
				GCC_WARN_64_TO_32_BIT_CONVERSION = YES;
				GCC_WARN_ABOUT_RETURN_TYPE = YES_ERROR;
				GCC_WARN_UNDECLARED_SELECTOR = YES;
				GCC_WARN_UNINITIALIZED_AUTOS = YES_AGGRESSIVE;
				GCC_WARN_UNUSED_FUNCTION = YES;
				GCC_WARN_UNUSED_VARIABLE = YES;
				IPHONEOS_DEPLOYMENT_TARGET = 11.2;
				MTL_ENABLE_DEBUG_INFO = YES;
				ONLY_ACTIVE_ARCH = YES;
				SDKROOT = iphoneos;
				SWIFT_ACTIVE_COMPILATION_CONDITIONS = DEBUG;
				SWIFT_OPTIMIZATION_LEVEL = "-Onone";
			};
			name = Debug;
		};
		7450D40C20492BCA004F4727 /* Release */ = {
			isa = XCBuildConfiguration;
			buildSettings = {
				ALWAYS_SEARCH_USER_PATHS = NO;
				CLANG_ANALYZER_NONNULL = YES;
				CLANG_ANALYZER_NUMBER_OBJECT_CONVERSION = YES_AGGRESSIVE;
				CLANG_CXX_LANGUAGE_STANDARD = "gnu++14";
				CLANG_CXX_LIBRARY = "libc++";
				CLANG_ENABLE_MODULES = YES;
				CLANG_ENABLE_OBJC_ARC = YES;
				CLANG_WARN_BLOCK_CAPTURE_AUTORELEASING = YES;
				CLANG_WARN_BOOL_CONVERSION = YES;
				CLANG_WARN_COMMA = YES;
				CLANG_WARN_CONSTANT_CONVERSION = YES;
				CLANG_WARN_DIRECT_OBJC_ISA_USAGE = YES_ERROR;
				CLANG_WARN_DOCUMENTATION_COMMENTS = YES;
				CLANG_WARN_EMPTY_BODY = YES;
				CLANG_WARN_ENUM_CONVERSION = YES;
				CLANG_WARN_INFINITE_RECURSION = YES;
				CLANG_WARN_INT_CONVERSION = YES;
				CLANG_WARN_NON_LITERAL_NULL_CONVERSION = YES;
				CLANG_WARN_OBJC_LITERAL_CONVERSION = YES;
				CLANG_WARN_OBJC_ROOT_CLASS = YES_ERROR;
				CLANG_WARN_RANGE_LOOP_ANALYSIS = YES;
				CLANG_WARN_STRICT_PROTOTYPES = YES;
				CLANG_WARN_SUSPICIOUS_MOVE = YES;
				CLANG_WARN_UNGUARDED_AVAILABILITY = YES_AGGRESSIVE;
				CLANG_WARN_UNREACHABLE_CODE = YES;
				CLANG_WARN__DUPLICATE_METHOD_MATCH = YES;
				CODE_SIGN_IDENTITY = "iPhone Developer";
				COPY_PHASE_STRIP = NO;
				DEBUG_INFORMATION_FORMAT = "dwarf-with-dsym";
				ENABLE_NS_ASSERTIONS = NO;
				ENABLE_STRICT_OBJC_MSGSEND = YES;
				GCC_C_LANGUAGE_STANDARD = gnu11;
				GCC_NO_COMMON_BLOCKS = YES;
				GCC_WARN_64_TO_32_BIT_CONVERSION = YES;
				GCC_WARN_ABOUT_RETURN_TYPE = YES_ERROR;
				GCC_WARN_UNDECLARED_SELECTOR = YES;
				GCC_WARN_UNINITIALIZED_AUTOS = YES_AGGRESSIVE;
				GCC_WARN_UNUSED_FUNCTION = YES;
				GCC_WARN_UNUSED_VARIABLE = YES;
				IPHONEOS_DEPLOYMENT_TARGET = 11.2;
				MTL_ENABLE_DEBUG_INFO = NO;
				SDKROOT = iphoneos;
				SWIFT_OPTIMIZATION_LEVEL = "-Owholemodule";
				VALIDATE_PRODUCT = YES;
			};
			name = Release;
		};
		7450D40E20492BCA004F4727 /* Debug */ = {
			isa = XCBuildConfiguration;
			baseConfigurationReference = CE1EAA181E53797D643B1917 /* Pods-A.debug.xcconfig */;
			buildSettings = {
				ASSETCATALOG_COMPILER_APPICON_NAME = AppIcon;
				CLANG_ENABLE_MODULES = YES;
				CODE_SIGN_STYLE = Automatic;
				INFOPLIST_FILE = A/Info.plist;
				LD_RUNPATH_SEARCH_PATHS = "$(inherited) @executable_path/Frameworks";
				PRODUCT_BUNDLE_IDENTIFIER = com.arceshi.cc.A;
				PRODUCT_NAME = "$(TARGET_NAME)";
				SWIFT_OBJC_BRIDGING_HEADER = "A/Targets/A-Bridging-Header.h";
				SWIFT_OPTIMIZATION_LEVEL = "-Onone";
				SWIFT_VERSION = 4.0;
				TARGETED_DEVICE_FAMILY = "1,2";
			};
			name = Debug;
		};
		7450D40F20492BCA004F4727 /* Release */ = {
			isa = XCBuildConfiguration;
			baseConfigurationReference = A11D58C2E5383AFF85277480 /* Pods-A.release.xcconfig */;
			buildSettings = {
				ASSETCATALOG_COMPILER_APPICON_NAME = AppIcon;
				CLANG_ENABLE_MODULES = YES;
				CODE_SIGN_STYLE = Automatic;
				INFOPLIST_FILE = A/Info.plist;
				LD_RUNPATH_SEARCH_PATHS = "$(inherited) @executable_path/Frameworks";
				PRODUCT_BUNDLE_IDENTIFIER = com.arceshi.cc.A;
				PRODUCT_NAME = "$(TARGET_NAME)";
				SWIFT_OBJC_BRIDGING_HEADER = "A/Targets/A-Bridging-Header.h";
				SWIFT_VERSION = 4.0;
				TARGETED_DEVICE_FAMILY = "1,2";
			};
			name = Release;
		};
		7450D41120492BCA004F4727 /* Debug */ = {
			isa = XCBuildConfiguration;
			buildSettings = {
				ALWAYS_EMBED_SWIFT_STANDARD_LIBRARIES = YES;
				BUNDLE_LOADER = "$(TEST_HOST)";
				CODE_SIGN_STYLE = Automatic;
				INFOPLIST_FILE = ATests/Info.plist;
				LD_RUNPATH_SEARCH_PATHS = "$(inherited) @executable_path/Frameworks @loader_path/Frameworks";
				PRODUCT_BUNDLE_IDENTIFIER = com.arceshi.cc.ATests;
				PRODUCT_NAME = "$(TARGET_NAME)";
				SWIFT_VERSION = 4.0;
				TARGETED_DEVICE_FAMILY = "1,2";
				TEST_HOST = "$(BUILT_PRODUCTS_DIR)/A.app/A";
			};
			name = Debug;
		};
		7450D41220492BCA004F4727 /* Release */ = {
			isa = XCBuildConfiguration;
			buildSettings = {
				ALWAYS_EMBED_SWIFT_STANDARD_LIBRARIES = YES;
				BUNDLE_LOADER = "$(TEST_HOST)";
				CODE_SIGN_STYLE = Automatic;
				INFOPLIST_FILE = ATests/Info.plist;
				LD_RUNPATH_SEARCH_PATHS = "$(inherited) @executable_path/Frameworks @loader_path/Frameworks";
				PRODUCT_BUNDLE_IDENTIFIER = com.arceshi.cc.ATests;
				PRODUCT_NAME = "$(TARGET_NAME)";
				SWIFT_VERSION = 4.0;
				TARGETED_DEVICE_FAMILY = "1,2";
				TEST_HOST = "$(BUILT_PRODUCTS_DIR)/A.app/A";
			};
			name = Release;
		};
		7450D41420492BCA004F4727 /* Debug */ = {
			isa = XCBuildConfiguration;
			buildSettings = {
				ALWAYS_EMBED_SWIFT_STANDARD_LIBRARIES = YES;
				CODE_SIGN_STYLE = Automatic;
				INFOPLIST_FILE = AUITests/Info.plist;
				LD_RUNPATH_SEARCH_PATHS = "$(inherited) @executable_path/Frameworks @loader_path/Frameworks";
				PRODUCT_BUNDLE_IDENTIFIER = com.arceshi.cc.AUITests;
				PRODUCT_NAME = "$(TARGET_NAME)";
				SWIFT_VERSION = 4.0;
				TARGETED_DEVICE_FAMILY = "1,2";
				TEST_TARGET_NAME = A;
			};
			name = Debug;
		};
		7450D41520492BCA004F4727 /* Release */ = {
			isa = XCBuildConfiguration;
			buildSettings = {
				ALWAYS_EMBED_SWIFT_STANDARD_LIBRARIES = YES;
				CODE_SIGN_STYLE = Automatic;
				INFOPLIST_FILE = AUITests/Info.plist;
				LD_RUNPATH_SEARCH_PATHS = "$(inherited) @executable_path/Frameworks @loader_path/Frameworks";
				PRODUCT_BUNDLE_IDENTIFIER = com.arceshi.cc.AUITests;
				PRODUCT_NAME = "$(TARGET_NAME)";
				SWIFT_VERSION = 4.0;
				TARGETED_DEVICE_FAMILY = "1,2";
				TEST_TARGET_NAME = A;
			};
			name = Release;
		};
/* End XCBuildConfiguration section */

/* Begin XCConfigurationList section */
		7450D3E020492BCA004F4727 /* Build configuration list for PBXProject "A" */ = {
			isa = XCConfigurationList;
			buildConfigurations = (
				7450D40B20492BCA004F4727 /* Debug */,
				7450D40C20492BCA004F4727 /* Release */,
			);
			defaultConfigurationIsVisible = 0;
			defaultConfigurationName = Release;
		};
		7450D40D20492BCA004F4727 /* Build configuration list for PBXNativeTarget "A" */ = {
			isa = XCConfigurationList;
			buildConfigurations = (
				7450D40E20492BCA004F4727 /* Debug */,
				7450D40F20492BCA004F4727 /* Release */,
			);
			defaultConfigurationIsVisible = 0;
			defaultConfigurationName = Release;
		};
		7450D41020492BCA004F4727 /* Build configuration list for PBXNativeTarget "ATests" */ = {
			isa = XCConfigurationList;
			buildConfigurations = (
				7450D41120492BCA004F4727 /* Debug */,
				7450D41220492BCA004F4727 /* Release */,
			);
			defaultConfigurationIsVisible = 0;
			defaultConfigurationName = Release;
		};
		7450D41320492BCA004F4727 /* Build configuration list for PBXNativeTarget "AUITests" */ = {
			isa = XCConfigurationList;
			buildConfigurations = (
				7450D41420492BCA004F4727 /* Debug */,
				7450D41520492BCA004F4727 /* Release */,
			);
			defaultConfigurationIsVisible = 0;
			defaultConfigurationName = Release;
		};
/* End XCConfigurationList section */
	};
	rootObject = 7450D3DD20492BCA004F4727 /* Project object */;
}
